{
  "name": "Semantic Django",
  "lockfileVersion": 3,
  "requires": true,
  "packages": {
    "": {
      "dependencies": {
        "jquery-tablesort": "^0.0.11",
        "semantic-ui-icon": "^2.5.0"
      }
    },
    "node_modules/jquery-tablesort": {
      "version": "0.0.11",
      "resolved": "https://registry.npmjs.org/jquery-tablesort/-/jquery-tablesort-0.0.11.tgz",
      "integrity": "sha512-Wjrzh4imuUHtWEdECsvBz1+c8oP5Ke66a2/gAPalLzLqXpQAnLS08G+sqnel3ZQLZQKqS98qNIiGD/Y5jvtwWA=="
    },
    "node_modules/semantic-ui-icon": {
      "version": "2.5.0",
      "resolved": "https://registry.npmjs.org/semantic-ui-icon/-/semantic-ui-icon-2.5.0.tgz",
      "integrity": "sha512-okG32TSrOPyHidFgPfkuBOBXR8Alx25XTzSPP8n+7C17vgwJC/BWOBe4P+xcYDpei1oqB9zpoNlW3kC4ikGpoA=="
    }
  }
}
